
Microsoft Visual Studio Solution File, Format Version 12.00
# Visual Studio Version 17
VisualStudioVersion = 17.3.32922.545
MinimumVisualStudioVersion = 10.0.40219.1
Project("{FAE04EC0-301F-11D3-BF4B-00C04F79EFBC}") = "sayısal_loto_uygulaması", "sayısal_loto_uygulaması.csproj", "{AF04D422-2416-4919-8A4A-CFDB0960A8D0}"
EndProject
Global
	GlobalSection(SolutionConfigurationPlatforms) = preSolution
		Debug|Any CPU = Debug|Any CPU
		Release|Any CPU = Release|Any CPU
	EndGlobalSection
	GlobalSection(ProjectConfigurationPlatforms) = postSolution
		{AF04D422-2416-4919-8A4A-CFDB0960A8D0}.Debug|Any CPU.ActiveCfg = Debug|Any CPU
		{AF04D422-2416-4919-8A4A-CFDB0960A8D0}.Debug|Any CPU.Build.0 = Debug|Any CPU
		{AF04D422-2416-4919-8A4A-CFDB0960A8D0}.Release|Any CPU.ActiveCfg = Release|Any CPU
		{AF04D422-2416-4919-8A4A-CFDB0960A8D0}.Release|Any CPU.Build.0 = Release|Any CPU
	EndGlobalSection
	GlobalSection(SolutionProperties) = preSolution
		HideSolutionNode = FALSE
	EndGlobalSection
	GlobalSection(ExtensibilityGlobals) = postSolution
		SolutionGuid = {25DCAF61-D7B9-4065-A04E-48E2DBD8728C}
	EndGlobalSection
EndGlobal
